
Microsoft Visual Studio Solution File, Format Version 12.00
# Visual Studio Version 17
VisualStudioVersion = 17.9.34622.214
MinimumVisualStudioVersion = 10.0.40219.1
Project("{FAE04EC0-301F-11D3-BF4B-00C04F79EFBC}") = "SharpFrame", "SharpFrame\SharpFrame.csproj", "{205405E9-0C84-416D-B7BE-0724F4A41F22}"
EndProject
Global
	GlobalSection(SolutionConfigurationPlatforms) = preSolution
		Debug|Any CPU = Debug|Any CPU
		Release|Any CPU = Release|Any CPU
	EndGlobalSection
	GlobalSection(ProjectConfigurationPlatforms) = postSolution
		{205405E9-0C84-416D-B7BE-0724F4A41F22}.Debug|Any CPU.ActiveCfg = Debug|Any CPU
		{205405E9-0C84-416D-B7BE-0724F4A41F22}.Debug|Any CPU.Build.0 = Debug|Any CPU
		{205405E9-0C84-416D-B7BE-0724F4A41F22}.Release|Any CPU.ActiveCfg = Release|Any CPU
		{205405E9-0C84-416D-B7BE-0724F4A41F22}.Release|Any CPU.Build.0 = Release|Any CPU
	EndGlobalSection
	GlobalSection(SolutionProperties) = preSolution
		HideSolutionNode = FALSE
	EndGlobalSection
	GlobalSection(ExtensibilityGlobals) = postSolution
		SolutionGuid = {FE2B72EF-BCE8-4B2A-A898-B5D6657BC22A}
	EndGlobalSection
EndGlobal
